
Microsoft Visual Studio Solution File, Format Version 12.00
# Visual Studio 15
VisualStudioVersion = 15.0.27703.2035
MinimumVisualStudioVersion = 10.0.40219.1
Project("{F184B08F-C81C-45F6-A57F-5ABD9991F28F}") = "BDOHelper", "BDOHelper.vbproj", "{1C56B964-C1B7-4C41-B181-F6A8E6F9B514}"
EndProject
Global
	GlobalSection(SolutionConfigurationPlatforms) = preSolution
		Debug|Any CPU = Debug|Any CPU
		Release|Any CPU = Release|Any CPU
	EndGlobalSection
	GlobalSection(ProjectConfigurationPlatforms) = postSolution
		{1C56B964-C1B7-4C41-B181-F6A8E6F9B514}.Debug|Any CPU.ActiveCfg = Debug|Any CPU
		{1C56B964-C1B7-4C41-B181-F6A8E6F9B514}.Debug|Any CPU.Build.0 = Debug|Any CPU
		{1C56B964-C1B7-4C41-B181-F6A8E6F9B514}.Release|Any CPU.ActiveCfg = Release|Any CPU
		{1C56B964-C1B7-4C41-B181-F6A8E6F9B514}.Release|Any CPU.Build.0 = Release|Any CPU
	EndGlobalSection
	GlobalSection(SolutionProperties) = preSolution
		HideSolutionNode = FALSE
	EndGlobalSection
	GlobalSection(ExtensibilityGlobals) = postSolution
		SolutionGuid = {B572171A-1E24-4F23-9607-9657AD155902}
	EndGlobalSection
EndGlobal
